
Microsoft Visual Studio Solution File, Format Version 12.00
# Visual Studio Version 16
VisualStudioVersion = 16.0.31729.503
MinimumVisualStudioVersion = 10.0.40219.1
Project("{8BC9CEB8-8B4A-11D0-8D11-00A0C91BC942}") = "Matala 5", "Matala 5\Matala 5.vcxproj", "{E7D81412-2C50-4308-9ED5-A1155ADEDF53}"
EndProject
Global
	GlobalSection(SolutionConfigurationPlatforms) = preSolution
		Debug|x64 = Debug|x64
		Debug|x86 = Debug|x86
		Release|x64 = Release|x64
		Release|x86 = Release|x86
	EndGlobalSection
	GlobalSection(ProjectConfigurationPlatforms) = postSolution
		{E7D81412-2C50-4308-9ED5-A1155ADEDF53}.Debug|x64.ActiveCfg = Debug|x64
		{E7D81412-2C50-4308-9ED5-A1155ADEDF53}.Debug|x64.Build.0 = Debug|x64
		{E7D81412-2C50-4308-9ED5-A1155ADEDF53}.Debug|x86.ActiveCfg = Debug|Win32
		{E7D81412-2C50-4308-9ED5-A1155ADEDF53}.Debug|x86.Build.0 = Debug|Win32
		{E7D81412-2C50-4308-9ED5-A1155ADEDF53}.Release|x64.ActiveCfg = Release|x64
		{E7D81412-2C50-4308-9ED5-A1155ADEDF53}.Release|x64.Build.0 = Release|x64
		{E7D81412-2C50-4308-9ED5-A1155ADEDF53}.Release|x86.ActiveCfg = Release|Win32
		{E7D81412-2C50-4308-9ED5-A1155ADEDF53}.Release|x86.Build.0 = Release|Win32
	EndGlobalSection
	GlobalSection(SolutionProperties) = preSolution
		HideSolutionNode = FALSE
	EndGlobalSection
	GlobalSection(ExtensibilityGlobals) = postSolution
		SolutionGuid = {45D03B25-42B2-427E-AE68-CD9A26F57523}
	EndGlobalSection
EndGlobal
